# auto-generated by grc.converter

id: elster_packetize
label: Packetize
category: '[Elster]'

parameters:
- id: num_inputs
  label: Num Inputs
  dtype: int
  default: 1
  hide: part

inputs:
- domain: stream
  dtype: byte
  multiplicity: ${ num_inputs }
asserts:
- ${ num_inputs > 0 }

templates:
  imports: import elster
  make: elster.packetize(${num_inputs})

file_format: 1
